// !$*UTF8*$!
{
	archiveVersion = 1;
	classes = {
	};
	objectVersion = 56;
	objects = {

/* Begin PBXBuildFile section */
		8EED7D7C2AABA69A00E43E6E /* AppDelegate.swift in Sources */ = {isa = PBXBuildFile; fileRef = 8EED7D7B2AABA69A00E43E6E /* AppDelegate.swift */; };
		8EED7D7E2AABA69A00E43E6E /* SceneDelegate.swift in Sources */ = {isa = PBXBuildFile; fileRef = 8EED7D7D2AABA69A00E43E6E /* SceneDelegate.swift */; };
		8EED7D802AABA69A00E43E6E /* ViewController.swift in Sources */ = {isa = PBXBuildFile; fileRef = 8EED7D7F2AABA69A00E43E6E /* ViewController.swift */; };
		8EED7D832AABA69A00E43E6E /* Main.storyboard in Resources */ = {isa = PBXBuildFile; fileRef = 8EED7D812AABA69A00E43E6E /* Main.storyboard */; };
		8EED7D852AABA69C00E43E6E /* Assets.xcassets in Resources */ = {isa = PBXBuildFile; fileRef = 8EED7D842AABA69C00E43E6E /* Assets.xcassets */; };
		8EED7D882AABA69C00E43E6E /* LaunchScreen.storyboard in Resources */ = {isa = PBXBuildFile; fileRef = 8EED7D862AABA69C00E43E6E /* LaunchScreen.storyboard */; };
		8EED7D932AABA69C00E43E6E /* ChaseWeatherTests.swift in Sources */ = {isa = PBXBuildFile; fileRef = 8EED7D922AABA69C00E43E6E /* ChaseWeatherTests.swift */; };
		8EED7D9D2AABA69C00E43E6E /* ChaseWeatherUITests.swift in Sources */ = {isa = PBXBuildFile; fileRef = 8EED7D9C2AABA69C00E43E6E /* ChaseWeatherUITests.swift */; };
		8EED7D9F2AABA69C00E43E6E /* ChaseWeatherUITestsLaunchTests.swift in Sources */ = {isa = PBXBuildFile; fileRef = 8EED7D9E2AABA69C00E43E6E /* ChaseWeatherUITestsLaunchTests.swift */; };
		8EED7DAC2AABA8CE00E43E6E /* APIService.swift in Sources */ = {isa = PBXBuildFile; fileRef = 8EED7DAB2AABA8CE00E43E6E /* APIService.swift */; };
		8EED7DAF2AAFB36300E43E6E /* Weather.swift in Sources */ = {isa = PBXBuildFile; fileRef = 8EED7DAE2AAFB36300E43E6E /* Weather.swift */; };
		8EED7DB12AAFB65C00E43E6E /* sanjose.json in Resources */ = {isa = PBXBuildFile; fileRef = 8EED7DB02AAFB65C00E43E6E /* sanjose.json */; };
		8EED7DB32AAFB67A00E43E6E /* boston.json in Resources */ = {isa = PBXBuildFile; fileRef = 8EED7DB22AAFB67A00E43E6E /* boston.json */; };
		8EED7DB52AAFB6CC00E43E6E /* mexicocity.json in Resources */ = {isa = PBXBuildFile; fileRef = 8EED7DB42AAFB6CC00E43E6E /* mexicocity.json */; };
		8EED7DB72AAFC2A400E43E6E /* newmexico.json in Resources */ = {isa = PBXBuildFile; fileRef = 8EED7DB62AAFC2A400E43E6E /* newmexico.json */; };
		8EED7DB92AAFC42000E43E6E /* ImageService.swift in Sources */ = {isa = PBXBuildFile; fileRef = 8EED7DB82AAFC42000E43E6E /* ImageService.swift */; };
		8EED7DBB2AAFDBDE00E43E6E /* PermissionService.swift in Sources */ = {isa = PBXBuildFile; fileRef = 8EED7DBA2AAFDBDE00E43E6E /* PermissionService.swift */; };
		8EED7DBD2AAFE6C600E43E6E /* ReverseGeocodeLocation.swift in Sources */ = {isa = PBXBuildFile; fileRef = 8EED7DBC2AAFE6C600E43E6E /* ReverseGeocodeLocation.swift */; };
		F403E80577B6D98CBC0B3C67 /* Pods_ChaseWeather.framework in Frameworks */ = {isa = PBXBuildFile; fileRef = A7EE6AA9F06C29D4260C6ECE /* Pods_ChaseWeather.framework */; };
/* End PBXBuildFile section */

/* Begin PBXContainerItemProxy section */
		8EED7D8F2AABA69C00E43E6E /* PBXContainerItemProxy */ = {
			isa = PBXContainerItemProxy;
			containerPortal = 8EED7D702AABA69A00E43E6E /* Project object */;
			proxyType = 1;
			remoteGlobalIDString = 8EED7D772AABA69A00E43E6E;
			remoteInfo = ChaseWeather;
		};
		8EED7D992AABA69C00E43E6E /* PBXContainerItemProxy */ = {
			isa = PBXContainerItemProxy;
			containerPortal = 8EED7D702AABA69A00E43E6E /* Project object */;
			proxyType = 1;
			remoteGlobalIDString = 8EED7D772AABA69A00E43E6E;
			remoteInfo = ChaseWeather;
		};
/* End PBXContainerItemProxy section */

/* Begin PBXFileReference section */
		8EED7D782AABA69A00E43E6E /* ChaseWeather.app */ = {isa = PBXFileReference; explicitFileType = wrapper.application; includeInIndex = 0; path = ChaseWeather.app; sourceTree = BUILT_PRODUCTS_DIR; };
		8EED7D7B2AABA69A00E43E6E /* AppDelegate.swift */ = {isa = PBXFileReference; lastKnownFileType = sourcecode.swift; path = AppDelegate.swift; sourceTree = "<group>"; };
		8EED7D7D2AABA69A00E43E6E /* SceneDelegate.swift */ = {isa = PBXFileReference; lastKnownFileType = sourcecode.swift; path = SceneDelegate.swift; sourceTree = "<group>"; };
		8EED7D7F2AABA69A00E43E6E /* ViewController.swift */ = {isa = PBXFileReference; lastKnownFileType = sourcecode.swift; path = ViewController.swift; sourceTree = "<group>"; };
		8EED7D822AABA69A00E43E6E /* Base */ = {isa = PBXFileReference; lastKnownFileType = file.storyboard; name = Base; path = Base.lproj/Main.storyboard; sourceTree = "<group>"; };
		8EED7D842AABA69C00E43E6E /* Assets.xcassets */ = {isa = PBXFileReference; lastKnownFileType = folder.assetcatalog; path = Assets.xcassets; sourceTree = "<group>"; };
		8EED7D872AABA69C00E43E6E /* Base */ = {isa = PBXFileReference; lastKnownFileType = file.storyboard; name = Base; path = Base.lproj/LaunchScreen.storyboard; sourceTree = "<group>"; };
		8EED7D892AABA69C00E43E6E /* Info.plist */ = {isa = PBXFileReference; lastKnownFileType = text.plist.xml; path = Info.plist; sourceTree = "<group>"; };
		8EED7D8E2AABA69C00E43E6E /* ChaseWeatherTests.xctest */ = {isa = PBXFileReference; explicitFileType = wrapper.cfbundle; includeInIndex = 0; path = ChaseWeatherTests.xctest; sourceTree = BUILT_PRODUCTS_DIR; };
		8EED7D922AABA69C00E43E6E /* ChaseWeatherTests.swift */ = {isa = PBXFileReference; lastKnownFileType = sourcecode.swift; path = ChaseWeatherTests.swift; sourceTree = "<group>"; };
		8EED7D982AABA69C00E43E6E /* ChaseWeatherUITests.xctest */ = {isa = PBXFileReference; explicitFileType = wrapper.cfbundle; includeInIndex = 0; path = ChaseWeatherUITests.xctest; sourceTree = BUILT_PRODUCTS_DIR; };
		8EED7D9C2AABA69C00E43E6E /* ChaseWeatherUITests.swift */ = {isa = PBXFileReference; lastKnownFileType = sourcecode.swift; path = ChaseWeatherUITests.swift; sourceTree = "<group>"; };
		8EED7D9E2AABA69C00E43E6E /* ChaseWeatherUITestsLaunchTests.swift */ = {isa = PBXFileReference; lastKnownFileType = sourcecode.swift; path = ChaseWeatherUITestsLaunchTests.swift; sourceTree = "<group>"; };
		8EED7DAB2AABA8CE00E43E6E /* APIService.swift */ = {isa = PBXFileReference; lastKnownFileType = sourcecode.swift; path = APIService.swift; sourceTree = "<group>"; };
		8EED7DAE2AAFB36300E43E6E /* Weather.swift */ = {isa = PBXFileReference; lastKnownFileType = sourcecode.swift; path = Weather.swift; sourceTree = "<group>"; };
		8EED7DB02AAFB65C00E43E6E /* sanjose.json */ = {isa = PBXFileReference; lastKnownFileType = text.json; path = sanjose.json; sourceTree = "<group>"; };
		8EED7DB22AAFB67A00E43E6E /* boston.json */ = {isa = PBXFileReference; lastKnownFileType = text.json; path = boston.json; sourceTree = "<group>"; };
		8EED7DB42AAFB6CC00E43E6E /* mexicocity.json */ = {isa = PBXFileReference; lastKnownFileType = text.json; path = mexicocity.json; sourceTree = "<group>"; };
		8EED7DB62AAFC2A400E43E6E /* newmexico.json */ = {isa = PBXFileReference; lastKnownFileType = text.json; path = newmexico.json; sourceTree = "<group>"; };
		8EED7DB82AAFC42000E43E6E /* ImageService.swift */ = {isa = PBXFileReference; lastKnownFileType = sourcecode.swift; path = ImageService.swift; sourceTree = "<group>"; };
		8EED7DBA2AAFDBDE00E43E6E /* PermissionService.swift */ = {isa = PBXFileReference; lastKnownFileType = sourcecode.swift; path = PermissionService.swift; sourceTree = "<group>"; };
		8EED7DBC2AAFE6C600E43E6E /* ReverseGeocodeLocation.swift */ = {isa = PBXFileReference; lastKnownFileType = sourcecode.swift; path = ReverseGeocodeLocation.swift; sourceTree = "<group>"; };
		9D3A709814F9285AB7297986 /* Pods-ChaseWeather.release.xcconfig */ = {isa = PBXFileReference; includeInIndex = 1; lastKnownFileType = text.xcconfig; name = "Pods-ChaseWeather.release.xcconfig"; path = "Target Support Files/Pods-ChaseWeather/Pods-ChaseWeather.release.xcconfig"; sourceTree = "<group>"; };
		A7EE6AA9F06C29D4260C6ECE /* Pods_ChaseWeather.framework */ = {isa = PBXFileReference; explicitFileType = wrapper.framework; includeInIndex = 0; path = Pods_ChaseWeather.framework; sourceTree = BUILT_PRODUCTS_DIR; };
		AA9913FE551A5BE5DF086F92 /* Pods-ChaseWeather.debug.xcconfig */ = {isa = PBXFileReference; includeInIndex = 1; lastKnownFileType = text.xcconfig; name = "Pods-ChaseWeather.debug.xcconfig"; path = "Target Support Files/Pods-ChaseWeather/Pods-ChaseWeather.debug.xcconfig"; sourceTree = "<group>"; };
/* End PBXFileReference section */

/* Begin PBXFrameworksBuildPhase section */
		8EED7D752AABA69A00E43E6E /* Frameworks */ = {
			isa = PBXFrameworksBuildPhase;
			buildActionMask = 2147483647;
			files = (
				F403E80577B6D98CBC0B3C67 /* Pods_ChaseWeather.framework in Frameworks */,
			);
			runOnlyForDeploymentPostprocessing = 0;
		};
		8EED7D8B2AABA69C00E43E6E /* Frameworks */ = {
			isa = PBXFrameworksBuildPhase;
			buildActionMask = 2147483647;
			files = (
			);
			runOnlyForDeploymentPostprocessing = 0;
		};
		8EED7D952AABA69C00E43E6E /* Frameworks */ = {
			isa = PBXFrameworksBuildPhase;
			buildActionMask = 2147483647;
			files = (
			);
			runOnlyForDeploymentPostprocessing = 0;
		};
/* End PBXFrameworksBuildPhase section */

/* Begin PBXGroup section */
		706D1A415A068427413D60B4 /* Frameworks */ = {
			isa = PBXGroup;
			children = (
				A7EE6AA9F06C29D4260C6ECE /* Pods_ChaseWeather.framework */,
			);
			name = Frameworks;
			sourceTree = "<group>";
		};
		7B25A694333A66658F61A659 /* Pods */ = {
			isa = PBXGroup;
			children = (
				AA9913FE551A5BE5DF086F92 /* Pods-ChaseWeather.debug.xcconfig */,
				9D3A709814F9285AB7297986 /* Pods-ChaseWeather.release.xcconfig */,
			);
			path = Pods;
			sourceTree = "<group>";
		};
		8EED7D6F2AABA69A00E43E6E = {
			isa = PBXGroup;
			children = (
				8EED7D7A2AABA69A00E43E6E /* ChaseWeather */,
				8EED7D912AABA69C00E43E6E /* ChaseWeatherTests */,
				8EED7D9B2AABA69C00E43E6E /* ChaseWeatherUITests */,
				8EED7D792AABA69A00E43E6E /* Products */,
				7B25A694333A66658F61A659 /* Pods */,
				706D1A415A068427413D60B4 /* Frameworks */,
			);
			sourceTree = "<group>";
		};
		8EED7D792AABA69A00E43E6E /* Products */ = {
			isa = PBXGroup;
			children = (
				8EED7D782AABA69A00E43E6E /* ChaseWeather.app */,
				8EED7D8E2AABA69C00E43E6E /* ChaseWeatherTests.xctest */,
				8EED7D982AABA69C00E43E6E /* ChaseWeatherUITests.xctest */,
			);
			name = Products;
			sourceTree = "<group>";
		};
		8EED7D7A2AABA69A00E43E6E /* ChaseWeather */ = {
			isa = PBXGroup;
			children = (
				8EED7D7B2AABA69A00E43E6E /* AppDelegate.swift */,
				8EED7D7D2AABA69A00E43E6E /* SceneDelegate.swift */,
				8EED7D7F2AABA69A00E43E6E /* ViewController.swift */,
				8EED7DAD2AAFB35000E43E6E /* Models */,
				8EED7D812AABA69A00E43E6E /* Main.storyboard */,
				8EED7D842AABA69C00E43E6E /* Assets.xcassets */,
				8EED7D862AABA69C00E43E6E /* LaunchScreen.storyboard */,
				8EED7D892AABA69C00E43E6E /* Info.plist */,
				8EED7DAB2AABA8CE00E43E6E /* APIService.swift */,
				8EED7DB82AAFC42000E43E6E /* ImageService.swift */,
				8EED7DBA2AAFDBDE00E43E6E /* PermissionService.swift */,
			);
			path = ChaseWeather;
			sourceTree = "<group>";
		};
		8EED7D912AABA69C00E43E6E /* ChaseWeatherTests */ = {
			isa = PBXGroup;
			children = (
				8EED7D922AABA69C00E43E6E /* ChaseWeatherTests.swift */,
				8EED7DB02AAFB65C00E43E6E /* sanjose.json */,
				8EED7DB22AAFB67A00E43E6E /* boston.json */,
				8EED7DB42AAFB6CC00E43E6E /* mexicocity.json */,
				8EED7DB62AAFC2A400E43E6E /* newmexico.json */,
			);
			path = ChaseWeatherTests;
			sourceTree = "<group>";
		};
		8EED7D9B2AABA69C00E43E6E /* ChaseWeatherUITests */ = {
			isa = PBXGroup;
			children = (
				8EED7D9C2AABA69C00E43E6E /* ChaseWeatherUITests.swift */,
				8EED7D9E2AABA69C00E43E6E /* ChaseWeatherUITestsLaunchTests.swift */,
			);
			path = ChaseWeatherUITests;
			sourceTree = "<group>";
		};
		8EED7DAD2AAFB35000E43E6E /* Models */ = {
			isa = PBXGroup;
			children = (
				8EED7DAE2AAFB36300E43E6E /* Weather.swift */,
				8EED7DBC2AAFE6C600E43E6E /* ReverseGeocodeLocation.swift */,
			);
			path = Models;
			sourceTree = "<group>";
		};
/* End PBXGroup section */

/* Begin PBXNativeTarget section */
		8EED7D772AABA69A00E43E6E /* ChaseWeather */ = {
			isa = PBXNativeTarget;
			buildConfigurationList = 8EED7DA22AABA69C00E43E6E /* Build configuration list for PBXNativeTarget "ChaseWeather" */;
			buildPhases = (
				75F8C6456F2F26AE4311EC5A /* [CP] Check Pods Manifest.lock */,
				8EED7D742AABA69A00E43E6E /* Sources */,
				8EED7D752AABA69A00E43E6E /* Frameworks */,
				8EED7D762AABA69A00E43E6E /* Resources */,
				CF6C80E8F8E8BD68E11EC0DB /* [CP] Embed Pods Frameworks */,
			);
			buildRules = (
			);
			dependencies = (
			);
			name = ChaseWeather;
			productName = ChaseWeather;
			productReference = 8EED7D782AABA69A00E43E6E /* ChaseWeather.app */;
			productType = "com.apple.product-type.application";
		};
		8EED7D8D2AABA69C00E43E6E /* ChaseWeatherTests */ = {
			isa = PBXNativeTarget;
			buildConfigurationList = 8EED7DA52AABA69C00E43E6E /* Build configuration list for PBXNativeTarget "ChaseWeatherTests" */;
			buildPhases = (
				8EED7D8A2AABA69C00E43E6E /* Sources */,
				8EED7D8B2AABA69C00E43E6E /* Frameworks */,
				8EED7D8C2AABA69C00E43E6E /* Resources */,
			);
			buildRules = (
			);
			dependencies = (
				8EED7D902AABA69C00E43E6E /* PBXTargetDependency */,
			);
			name = ChaseWeatherTests;
			productName = ChaseWeatherTests;
			productReference = 8EED7D8E2AABA69C00E43E6E /* ChaseWeatherTests.xctest */;
			productType = "com.apple.product-type.bundle.unit-test";
		};
		8EED7D972AABA69C00E43E6E /* ChaseWeatherUITests */ = {
			isa = PBXNativeTarget;
			buildConfigurationList = 8EED7DA82AABA69C00E43E6E /* Build configuration list for PBXNativeTarget "ChaseWeatherUITests" */;
			buildPhases = (
				8EED7D942AABA69C00E43E6E /* Sources */,
				8EED7D952AABA69C00E43E6E /* Frameworks */,
				8EED7D962AABA69C00E43E6E /* Resources */,
			);
			buildRules = (
			);
			dependencies = (
				8EED7D9A2AABA69C00E43E6E /* PBXTargetDependency */,
			);
			name = ChaseWeatherUITests;
			productName = ChaseWeatherUITests;
			productReference = 8EED7D982AABA69C00E43E6E /* ChaseWeatherUITests.xctest */;
			productType = "com.apple.product-type.bundle.ui-testing";
		};
/* End PBXNativeTarget section */

/* Begin PBXProject section */
		8EED7D702AABA69A00E43E6E /* Project object */ = {
			isa = PBXProject;
			attributes = {
				BuildIndependentTargetsInParallel = 1;
				LastSwiftUpdateCheck = 1420;
				LastUpgradeCheck = 1420;
				TargetAttributes = {
					8EED7D772AABA69A00E43E6E = {
						CreatedOnToolsVersion = 14.2;
					};
					8EED7D8D2AABA69C00E43E6E = {
						CreatedOnToolsVersion = 14.2;
						TestTargetID = 8EED7D772AABA69A00E43E6E;
					};
					8EED7D972AABA69C00E43E6E = {
						CreatedOnToolsVersion = 14.2;
						TestTargetID = 8EED7D772AABA69A00E43E6E;
					};
				};
			};
			buildConfigurationList = 8EED7D732AABA69A00E43E6E /* Build configuration list for PBXProject "ChaseWeather" */;
			compatibilityVersion = "Xcode 14.0";
			developmentRegion = en;
			hasScannedForEncodings = 0;
			knownRegions = (
				en,
				Base,
			);
			mainGroup = 8EED7D6F2AABA69A00E43E6E;
			productRefGroup = 8EED7D792AABA69A00E43E6E /* Products */;
			projectDirPath = "";
			projectRoot = "";
			targets = (
				8EED7D772AABA69A00E43E6E /* ChaseWeather */,
				8EED7D8D2AABA69C00E43E6E /* ChaseWeatherTests */,
				8EED7D972AABA69C00E43E6E /* ChaseWeatherUITests */,
			);
		};
/* End PBXProject section */

/* Begin PBXResourcesBuildPhase section */
		8EED7D762AABA69A00E43E6E /* Resources */ = {
			isa = PBXResourcesBuildPhase;
			buildActionMask = 2147483647;
			files = (
				8EED7D882AABA69C00E43E6E /* LaunchScreen.storyboard in Resources */,
				8EED7D852AABA69C00E43E6E /* Assets.xcassets in Resources */,
				8EED7D832AABA69A00E43E6E /* Main.storyboard in Resources */,
			);
			runOnlyForDeploymentPostprocessing = 0;
		};
		8EED7D8C2AABA69C00E43E6E /* Resources */ = {
			isa = PBXResourcesBuildPhase;
			buildActionMask = 2147483647;
			files = (
				8EED7DB32AAFB67A00E43E6E /* boston.json in Resources */,
				8EED7DB72AAFC2A400E43E6E /* newmexico.json in Resources */,
				8EED7DB12AAFB65C00E43E6E /* sanjose.json in Resources */,
				8EED7DB52AAFB6CC00E43E6E /* mexicocity.json in Resources */,
			);
			runOnlyForDeploymentPostprocessing = 0;
		};
		8EED7D962AABA69C00E43E6E /* Resources */ = {
			isa = PBXResourcesBuildPhase;
			buildActionMask = 2147483647;
			files = (
			);
			runOnlyForDeploymentPostprocessing = 0;
		};
/* End PBXResourcesBuildPhase section */

/* Begin PBXShellScriptBuildPhase section */
		75F8C6456F2F26AE4311EC5A /* [CP] Check Pods Manifest.lock */ = {
			isa = PBXShellScriptBuildPhase;
			buildActionMask = 2147483647;
			files = (
			);
			inputFileListPaths = (
			);
			inputPaths = (
				"${PODS_PODFILE_DIR_PATH}/Podfile.lock",
				"${PODS_ROOT}/Manifest.lock",
			);
			name = "[CP] Check Pods Manifest.lock";
			outputFileListPaths = (
			);
			outputPaths = (
				"$(DERIVED_FILE_DIR)/Pods-ChaseWeather-checkManifestLockResult.txt",
			);
			runOnlyForDeploymentPostprocessing = 0;
			shellPath = /bin/sh;
			shellScript = "diff \"${PODS_PODFILE_DIR_PATH}/Podfile.lock\" \"${PODS_ROOT}/Manifest.lock\" > /dev/null\nif [ $? != 0 ] ; then\n    # print error to STDERR\n    echo \"error: The sandbox is not in sync with the Podfile.lock. Run 'pod install' or update your CocoaPods installation.\" >&2\n    exit 1\nfi\n# This output is used by Xcode 'outputs' to avoid re-running this script phase.\necho \"SUCCESS\" > \"${SCRIPT_OUTPUT_FILE_0}\"\n";
			showEnvVarsInLog = 0;
		};
		CF6C80E8F8E8BD68E11EC0DB /* [CP] Embed Pods Frameworks */ = {
			isa = PBXShellScriptBuildPhase;
			buildActionMask = 2147483647;
			files = (
			);
			inputFileListPaths = (
				"${PODS_ROOT}/Target Support Files/Pods-ChaseWeather/Pods-ChaseWeather-frameworks-${CONFIGURATION}-input-files.xcfilelist",
			);
			name = "[CP] Embed Pods Frameworks";
			outputFileListPaths = (
				"${PODS_ROOT}/Target Support Files/Pods-ChaseWeather/Pods-ChaseWeather-frameworks-${CONFIGURATION}-output-files.xcfilelist",
			);
			runOnlyForDeploymentPostprocessing = 0;
			shellPath = /bin/sh;
			shellScript = "\"${PODS_ROOT}/Target Support Files/Pods-ChaseWeather/Pods-ChaseWeather-frameworks.sh\"\n";
			showEnvVarsInLog = 0;
		};
/* End PBXShellScriptBuildPhase section */

/* Begin PBXSourcesBuildPhase section */
		8EED7D742AABA69A00E43E6E /* Sources */ = {
			isa = PBXSourcesBuildPhase;
			buildActionMask = 2147483647;
			files = (
				8EED7D802AABA69A00E43E6E /* ViewController.swift in Sources */,
				8EED7D7C2AABA69A00E43E6E /* AppDelegate.swift in Sources */,
				8EED7DBD2AAFE6C600E43E6E /* ReverseGeocodeLocation.swift in Sources */,
				8EED7DAC2AABA8CE00E43E6E /* APIService.swift in Sources */,
				8EED7DBB2AAFDBDE00E43E6E /* PermissionService.swift in Sources */,
				8EED7D7E2AABA69A00E43E6E /* SceneDelegate.swift in Sources */,
				8EED7DAF2AAFB36300E43E6E /* Weather.swift in Sources */,
				8EED7DB92AAFC42000E43E6E /* ImageService.swift in Sources */,
			);
			runOnlyForDeploymentPostprocessing = 0;
		};
		8EED7D8A2AABA69C00E43E6E /* Sources */ = {
			isa = PBXSourcesBuildPhase;
			buildActionMask = 2147483647;
			files = (
				8EED7D932AABA69C00E43E6E /* ChaseWeatherTests.swift in Sources */,
			);
			runOnlyForDeploymentPostprocessing = 0;
		};
		8EED7D942AABA69C00E43E6E /* Sources */ = {
			isa = PBXSourcesBuildPhase;
			buildActionMask = 2147483647;
			files = (
				8EED7D9F2AABA69C00E43E6E /* ChaseWeatherUITestsLaunchTests.swift in Sources */,
				8EED7D9D2AABA69C00E43E6E /* ChaseWeatherUITests.swift in Sources */,
			);
			runOnlyForDeploymentPostprocessing = 0;
		};
/* End PBXSourcesBuildPhase section */

/* Begin PBXTargetDependency section */
		8EED7D902AABA69C00E43E6E /* PBXTargetDependency */ = {
			isa = PBXTargetDependency;
			target = 8EED7D772AABA69A00E43E6E /* ChaseWeather */;
			targetProxy = 8EED7D8F2AABA69C00E43E6E /* PBXContainerItemProxy */;
		};
		8EED7D9A2AABA69C00E43E6E /* PBXTargetDependency */ = {
			isa = PBXTargetDependency;
			target = 8EED7D772AABA69A00E43E6E /* ChaseWeather */;
			targetProxy = 8EED7D992AABA69C00E43E6E /* PBXContainerItemProxy */;
		};
/* End PBXTargetDependency section */

/* Begin PBXVariantGroup section */
		8EED7D812AABA69A00E43E6E /* Main.storyboard */ = {
			isa = PBXVariantGroup;
			children = (
				8EED7D822AABA69A00E43E6E /* Base */,
			);
			name = Main.storyboard;
			sourceTree = "<group>";
		};
		8EED7D862AABA69C00E43E6E /* LaunchScreen.storyboard */ = {
			isa = PBXVariantGroup;
			children = (
				8EED7D872AABA69C00E43E6E /* Base */,
			);
			name = LaunchScreen.storyboard;
			sourceTree = "<group>";
		};
/* End PBXVariantGroup section */

/* Begin XCBuildConfiguration section */
		8EED7DA02AABA69C00E43E6E /* Debug */ = {
			isa = XCBuildConfiguration;
			buildSettings = {
				ALWAYS_SEARCH_USER_PATHS = NO;
				CLANG_ANALYZER_NONNULL = YES;
				CLANG_ANALYZER_NUMBER_OBJECT_CONVERSION = YES_AGGRESSIVE;
				CLANG_CXX_LANGUAGE_STANDARD = "gnu++20";
				CLANG_ENABLE_MODULES = YES;
				CLANG_ENABLE_OBJC_ARC = YES;
				CLANG_ENABLE_OBJC_WEAK = YES;
				CLANG_WARN_BLOCK_CAPTURE_AUTORELEASING = YES;
				CLANG_WARN_BOOL_CONVERSION = YES;
				CLANG_WARN_COMMA = YES;
				CLANG_WARN_CONSTANT_CONVERSION = YES;
				CLANG_WARN_DEPRECATED_OBJC_IMPLEMENTATIONS = YES;
				CLANG_WARN_DIRECT_OBJC_ISA_USAGE = YES_ERROR;
				CLANG_WARN_DOCUMENTATION_COMMENTS = YES;
				CLANG_WARN_EMPTY_BODY = YES;
				CLANG_WARN_ENUM_CONVERSION = YES;
				CLANG_WARN_INFINITE_RECURSION = YES;
				CLANG_WARN_INT_CONVERSION = YES;
				CLANG_WARN_NON_LITERAL_NULL_CONVERSION = YES;
				CLANG_WARN_OBJC_IMPLICIT_RETAIN_SELF = YES;
				CLANG_WARN_OBJC_LITERAL_CONVERSION = YES;
				CLANG_WARN_OBJC_ROOT_CLASS = YES_ERROR;
				CLANG_WARN_QUOTED_INCLUDE_IN_FRAMEWORK_HEADER = YES;
				CLANG_WARN_RANGE_LOOP_ANALYSIS = YES;
				CLANG_WARN_STRICT_PROTOTYPES = YES;
				CLANG_WARN_SUSPICIOUS_MOVE = YES;
				CLANG_WARN_UNGUARDED_AVAILABILITY = YES_AGGRESSIVE;
				CLANG_WARN_UNREACHABLE_CODE = YES;
				CLANG_WARN__DUPLICATE_METHOD_MATCH = YES;
				COPY_PHASE_STRIP = NO;
				DEBUG_INFORMATION_FORMAT = dwarf;
				ENABLE_STRICT_OBJC_MSGSEND = YES;
				ENABLE_TESTABILITY = YES;
				GCC_C_LANGUAGE_STANDARD = gnu11;
				GCC_DYNAMIC_NO_PIC = NO;
				GCC_NO_COMMON_BLOCKS = YES;
				GCC_OPTIMIZATION_LEVEL = 0;
				GCC_PREPROCESSOR_DEFINITIONS = (
					"DEBUG=1",
					"$(inherited)",
				);
				GCC_WARN_64_TO_32_BIT_CONVERSION = YES;
				GCC_WARN_ABOUT_RETURN_TYPE = YES_ERROR;
				GCC_WARN_UNDECLARED_SELECTOR = YES;
				GCC_WARN_UNINITIALIZED_AUTOS = YES_AGGRESSIVE;
				GCC_WARN_UNUSED_FUNCTION = YES;
				GCC_WARN_UNUSED_VARIABLE = YES;
				IPHONEOS_DEPLOYMENT_TARGET = 16.2;
				MTL_ENABLE_DEBUG_INFO = INCLUDE_SOURCE;
				MTL_FAST_MATH = YES;
				ONLY_ACTIVE_ARCH = YES;
				SDKROOT = iphoneos;
				SWIFT_ACTIVE_COMPILATION_CONDITIONS = DEBUG;
				SWIFT_OPTIMIZATION_LEVEL = "-Onone";
			};
			name = Debug;
		};
		8EED7DA12AABA69C00E43E6E /* Release */ = {
			isa = XCBuildConfiguration;
			buildSettings = {
				ALWAYS_SEARCH_USER_PATHS = NO;
				CLANG_ANALYZER_NONNULL = YES;
				CLANG_ANALYZER_NUMBER_OBJECT_CONVERSION = YES_AGGRESSIVE;
				CLANG_CXX_LANGUAGE_STANDARD = "gnu++20";
				CLANG_ENABLE_MODULES = YES;
				CLANG_ENABLE_OBJC_ARC = YES;
				CLANG_ENABLE_OBJC_WEAK = YES;
				CLANG_WARN_BLOCK_CAPTURE_AUTORELEASING = YES;
				CLANG_WARN_BOOL_CONVERSION = YES;
				CLANG_WARN_COMMA = YES;
				CLANG_WARN_CONSTANT_CONVERSION = YES;
				CLANG_WARN_DEPRECATED_OBJC_IMPLEMENTATIONS = YES;
				CLANG_WARN_DIRECT_OBJC_ISA_USAGE = YES_ERROR;
				CLANG_WARN_DOCUMENTATION_COMMENTS = YES;
				CLANG_WARN_EMPTY_BODY = YES;
				CLANG_WARN_ENUM_CONVERSION = YES;
				CLANG_WARN_INFINITE_RECURSION = YES;
				CLANG_WARN_INT_CONVERSION = YES;
				CLANG_WARN_NON_LITERAL_NULL_CONVERSION = YES;
				CLANG_WARN_OBJC_IMPLICIT_RETAIN_SELF = YES;
				CLANG_WARN_OBJC_LITERAL_CONVERSION = YES;
				CLANG_WARN_OBJC_ROOT_CLASS = YES_ERROR;
				CLANG_WARN_QUOTED_INCLUDE_IN_FRAMEWORK_HEADER = YES;
				CLANG_WARN_RANGE_LOOP_ANALYSIS = YES;
				CLANG_WARN_STRICT_PROTOTYPES = YES;
				CLANG_WARN_SUSPICIOUS_MOVE = YES;
				CLANG_WARN_UNGUARDED_AVAILABILITY = YES_AGGRESSIVE;
				CLANG_WARN_UNREACHABLE_CODE = YES;
				CLANG_WARN__DUPLICATE_METHOD_MATCH = YES;
				COPY_PHASE_STRIP = NO;
				DEBUG_INFORMATION_FORMAT = "dwarf-with-dsym";
				ENABLE_NS_ASSERTIONS = NO;
				ENABLE_STRICT_OBJC_MSGSEND = YES;
				GCC_C_LANGUAGE_STANDARD = gnu11;
				GCC_NO_COMMON_BLOCKS = YES;
				GCC_WARN_64_TO_32_BIT_CONVERSION = YES;
				GCC_WARN_ABOUT_RETURN_TYPE = YES_ERROR;
				GCC_WARN_UNDECLARED_SELECTOR = YES;
				GCC_WARN_UNINITIALIZED_AUTOS = YES_AGGRESSIVE;
				GCC_WARN_UNUSED_FUNCTION = YES;
				GCC_WARN_UNUSED_VARIABLE = YES;
				IPHONEOS_DEPLOYMENT_TARGET = 16.2;
				MTL_ENABLE_DEBUG_INFO = NO;
				MTL_FAST_MATH = YES;
				SDKROOT = iphoneos;
				SWIFT_COMPILATION_MODE = wholemodule;
				SWIFT_OPTIMIZATION_LEVEL = "-O";
				VALIDATE_PRODUCT = YES;
			};
			name = Release;
		};
		8EED7DA32AABA69C00E43E6E /* Debug */ = {
			isa = XCBuildConfiguration;
			baseConfigurationReference = AA9913FE551A5BE5DF086F92 /* Pods-ChaseWeather.debug.xcconfig */;
			buildSettings = {
				ASSETCATALOG_COMPILER_APPICON_NAME = AppIcon;
				ASSETCATALOG_COMPILER_GLOBAL_ACCENT_COLOR_NAME = AccentColor;
				CODE_SIGN_STYLE = Automatic;
				CURRENT_PROJECT_VERSION = 1;
				GENERATE_INFOPLIST_FILE = YES;
				INFOPLIST_FILE = ChaseWeather/Info.plist;
				INFOPLIST_KEY_UIApplicationSupportsIndirectInputEvents = YES;
				INFOPLIST_KEY_UILaunchStoryboardName = LaunchScreen;
				INFOPLIST_KEY_UISupportedInterfaceOrientations_iPad = "UIInterfaceOrientationPortrait UIInterfaceOrientationPortraitUpsideDown UIInterfaceOrientationLandscapeLeft UIInterfaceOrientationLandscapeRight";
				INFOPLIST_KEY_UISupportedInterfaceOrientations_iPhone = "UIInterfaceOrientationPortrait UIInterfaceOrientationLandscapeLeft UIInterfaceOrientationLandscapeRight";
				LD_RUNPATH_SEARCH_PATHS = (
					"$(inherited)",
					"@executable_path/Frameworks",
				);
				MARKETING_VERSION = 1.0;
				PRODUCT_BUNDLE_IDENTIFIER = com.bobbyren.chaseapp.ChaseWeather;
				PRODUCT_NAME = "$(TARGET_NAME)";
				SWIFT_EMIT_LOC_STRINGS = YES;
				SWIFT_VERSION = 5.0;
				TARGETED_DEVICE_FAMILY = "1,2";
			};
			name = Debug;
		};
		8EED7DA42AABA69C00E43E6E /* Release */ = {
			isa = XCBuildConfiguration;
			baseConfigurationReference = 9D3A709814F9285AB7297986 /* Pods-ChaseWeather.release.xcconfig */;
			buildSettings = {
				ASSETCATALOG_COMPILER_APPICON_NAME = AppIcon;
				ASSETCATALOG_COMPILER_GLOBAL_ACCENT_COLOR_NAME = AccentColor;
				CODE_SIGN_STYLE = Automatic;
				CURRENT_PROJECT_VERSION = 1;
				GENERATE_INFOPLIST_FILE = YES;
				INFOPLIST_FILE = ChaseWeather/Info.plist;
				INFOPLIST_KEY_UIApplicationSupportsIndirectInputEvents = YES;
				INFOPLIST_KEY_UILaunchStoryboardName = LaunchScreen;
				INFOPLIST_KEY_UISupportedInterfaceOrientations_iPad = "UIInterfaceOrientationPortrait UIInterfaceOrientationPortraitUpsideDown UIInterfaceOrientationLandscapeLeft UIInterfaceOrientationLandscapeRight";
				INFOPLIST_KEY_UISupportedInterfaceOrientations_iPhone = "UIInterfaceOrientationPortrait UIInterfaceOrientationLandscapeLeft UIInterfaceOrientationLandscapeRight";
				LD_RUNPATH_SEARCH_PATHS = (
					"$(inherited)",
					"@executable_path/Frameworks",
				);
				MARKETING_VERSION = 1.0;
				PRODUCT_BUNDLE_IDENTIFIER = com.bobbyren.chaseapp.ChaseWeather;
				PRODUCT_NAME = "$(TARGET_NAME)";
				SWIFT_EMIT_LOC_STRINGS = YES;
				SWIFT_VERSION = 5.0;
				TARGETED_DEVICE_FAMILY = "1,2";
			};
			name = Release;
		};
		8EED7DA62AABA69C00E43E6E /* Debug */ = {
			isa = XCBuildConfiguration;
			buildSettings = {
				ALWAYS_EMBED_SWIFT_STANDARD_LIBRARIES = YES;
				BUNDLE_LOADER = "$(TEST_HOST)";
				CODE_SIGN_STYLE = Automatic;
				CURRENT_PROJECT_VERSION = 1;
				GENERATE_INFOPLIST_FILE = YES;
				IPHONEOS_DEPLOYMENT_TARGET = 16.2;
				MARKETING_VERSION = 1.0;
				PRODUCT_BUNDLE_IDENTIFIER = com.bobbyren.chaseapp.ChaseWeatherTests;
				PRODUCT_NAME = "$(TARGET_NAME)";
				SWIFT_EMIT_LOC_STRINGS = NO;
				SWIFT_VERSION = 5.0;
				TARGETED_DEVICE_FAMILY = "1,2";
				TEST_HOST = "$(BUILT_PRODUCTS_DIR)/ChaseWeather.app/$(BUNDLE_EXECUTABLE_FOLDER_PATH)/ChaseWeather";
			};
			name = Debug;
		};
		8EED7DA72AABA69C00E43E6E /* Release */ = {
			isa = XCBuildConfiguration;
			buildSettings = {
				ALWAYS_EMBED_SWIFT_STANDARD_LIBRARIES = YES;
				BUNDLE_LOADER = "$(TEST_HOST)";
				CODE_SIGN_STYLE = Automatic;
				CURRENT_PROJECT_VERSION = 1;
				GENERATE_INFOPLIST_FILE = YES;
				IPHONEOS_DEPLOYMENT_TARGET = 16.2;
				MARKETING_VERSION = 1.0;
				PRODUCT_BUNDLE_IDENTIFIER = com.bobbyren.chaseapp.ChaseWeatherTests;
				PRODUCT_NAME = "$(TARGET_NAME)";
				SWIFT_EMIT_LOC_STRINGS = NO;
				SWIFT_VERSION = 5.0;
				TARGETED_DEVICE_FAMILY = "1,2";
				TEST_HOST = "$(BUILT_PRODUCTS_DIR)/ChaseWeather.app/$(BUNDLE_EXECUTABLE_FOLDER_PATH)/ChaseWeather";
			};
			name = Release;
		};
		8EED7DA92AABA69C00E43E6E /* Debug */ = {
			isa = XCBuildConfiguration;
			buildSettings = {
				ALWAYS_EMBED_SWIFT_STANDARD_LIBRARIES = YES;
				CODE_SIGN_STYLE = Automatic;
				CURRENT_PROJECT_VERSION = 1;
				GENERATE_INFOPLIST_FILE = YES;
				MARKETING_VERSION = 1.0;
				PRODUCT_BUNDLE_IDENTIFIER = com.bobbyren.chaseapp.ChaseWeatherUITests;
				PRODUCT_NAME = "$(TARGET_NAME)";
				SWIFT_EMIT_LOC_STRINGS = NO;
				SWIFT_VERSION = 5.0;
				TARGETED_DEVICE_FAMILY = "1,2";
				TEST_TARGET_NAME = ChaseWeather;
			};
			name = Debug;
		};
		8EED7DAA2AABA69C00E43E6E /* Release */ = {
			isa = XCBuildConfiguration;
			buildSettings = {
				ALWAYS_EMBED_SWIFT_STANDARD_LIBRARIES = YES;
				CODE_SIGN_STYLE = Automatic;
				CURRENT_PROJECT_VERSION = 1;
				GENERATE_INFOPLIST_FILE = YES;
				MARKETING_VERSION = 1.0;
				PRODUCT_BUNDLE_IDENTIFIER = com.bobbyren.chaseapp.ChaseWeatherUITests;
				PRODUCT_NAME = "$(TARGET_NAME)";
				SWIFT_EMIT_LOC_STRINGS = NO;
				SWIFT_VERSION = 5.0;
				TARGETED_DEVICE_FAMILY = "1,2";
				TEST_TARGET_NAME = ChaseWeather;
			};
			name = Release;
		};
/* End XCBuildConfiguration section */

/* Begin XCConfigurationList section */
		8EED7D732AABA69A00E43E6E /* Build configuration list for PBXProject "ChaseWeather" */ = {
			isa = XCConfigurationList;
			buildConfigurations = (
				8EED7DA02AABA69C00E43E6E /* Debug */,
				8EED7DA12AABA69C00E43E6E /* Release */,
			);
			defaultConfigurationIsVisible = 0;
			defaultConfigurationName = Release;
		};
		8EED7DA22AABA69C00E43E6E /* Build configuration list for PBXNativeTarget "ChaseWeather" */ = {
			isa = XCConfigurationList;
			buildConfigurations = (
				8EED7DA32AABA69C00E43E6E /* Debug */,
				8EED7DA42AABA69C00E43E6E /* Release */,
			);
			defaultConfigurationIsVisible = 0;
			defaultConfigurationName = Release;
		};
		8EED7DA52AABA69C00E43E6E /* Build configuration list for PBXNativeTarget "ChaseWeatherTests" */ = {
			isa = XCConfigurationList;
			buildConfigurations = (
				8EED7DA62AABA69C00E43E6E /* Debug */,
				8EED7DA72AABA69C00E43E6E /* Release */,
			);
			defaultConfigurationIsVisible = 0;
			defaultConfigurationName = Release;
		};
		8EED7DA82AABA69C00E43E6E /* Build configuration list for PBXNativeTarget "ChaseWeatherUITests" */ = {
			isa = XCConfigurationList;
			buildConfigurations = (
				8EED7DA92AABA69C00E43E6E /* Debug */,
				8EED7DAA2AABA69C00E43E6E /* Release */,
			);
			defaultConfigurationIsVisible = 0;
			defaultConfigurationName = Release;
		};
/* End XCConfigurationList section */
	};
	rootObject = 8EED7D702AABA69A00E43E6E /* Project object */;
}
